
Microsoft Visual Studio Solution File, Format Version 12.00
# Visual Studio 14
VisualStudioVersion = 14.0.25420.1
MinimumVisualStudioVersion = 10.0.40219.1
Project("{FAE04EC0-301F-11D3-BF4B-00C04F79EFBC}") = "HashMedly", "HashMedly\HashMedly.csproj", "{8EDA1091-F9DC-4BB5-8FAA-949532A430F7}"
EndProject
Project("{FAE04EC0-301F-11D3-BF4B-00C04F79EFBC}") = "HashMedlyTests", "HashMedlyTests\HashMedlyTests.csproj", "{C1B1A8E1-DC71-4207-9884-0D91BF1294B9}"
EndProject
Project("{FAE04EC0-301F-11D3-BF4B-00C04F79EFBC}") = "Profiler", "Profiler\Profiler.csproj", "{6967ECF0-8369-405F-95C4-727E78588506}"
EndProject
Global
	GlobalSection(SolutionConfigurationPlatforms) = preSolution
		Debug|Any CPU = Debug|Any CPU
		Release|Any CPU = Release|Any CPU
	EndGlobalSection
	GlobalSection(ProjectConfigurationPlatforms) = postSolution
		{8EDA1091-F9DC-4BB5-8FAA-949532A430F7}.Debug|Any CPU.ActiveCfg = Debug|Any CPU
		{8EDA1091-F9DC-4BB5-8FAA-949532A430F7}.Debug|Any CPU.Build.0 = Debug|Any CPU
		{8EDA1091-F9DC-4BB5-8FAA-949532A430F7}.Release|Any CPU.ActiveCfg = Release|Any CPU
		{8EDA1091-F9DC-4BB5-8FAA-949532A430F7}.Release|Any CPU.Build.0 = Release|Any CPU
		{C1B1A8E1-DC71-4207-9884-0D91BF1294B9}.Debug|Any CPU.ActiveCfg = Debug|Any CPU
		{C1B1A8E1-DC71-4207-9884-0D91BF1294B9}.Debug|Any CPU.Build.0 = Debug|Any CPU
		{C1B1A8E1-DC71-4207-9884-0D91BF1294B9}.Release|Any CPU.ActiveCfg = Release|Any CPU
		{C1B1A8E1-DC71-4207-9884-0D91BF1294B9}.Release|Any CPU.Build.0 = Release|Any CPU
		{6967ECF0-8369-405F-95C4-727E78588506}.Debug|Any CPU.ActiveCfg = Debug|Any CPU
		{6967ECF0-8369-405F-95C4-727E78588506}.Debug|Any CPU.Build.0 = Debug|Any CPU
		{6967ECF0-8369-405F-95C4-727E78588506}.Release|Any CPU.ActiveCfg = Release|Any CPU
		{6967ECF0-8369-405F-95C4-727E78588506}.Release|Any CPU.Build.0 = Release|Any CPU
	EndGlobalSection
	GlobalSection(SolutionProperties) = preSolution
		HideSolutionNode = FALSE
	EndGlobalSection
EndGlobal
