
Microsoft Visual Studio Solution File, Format Version 12.00
# Visual Studio 15
VisualStudioVersion = 15.0.28307.271
MinimumVisualStudioVersion = 10.0.40219.1
Project("{FAE04EC0-301F-11D3-BF4B-00C04F79EFBC}") = "HashMedly", "HashMedly\HashMedly.csproj", "{258BB1BB-F5A0-4119-BB07-4C8577EE3962}"
EndProject
Project("{FAE04EC0-301F-11D3-BF4B-00C04F79EFBC}") = "HashMedlyTest", "HashMedlyTest\HashMedlyTest.csproj", "{09F7AF3C-686C-4422-AB10-674994154516}"
EndProject
Global
	GlobalSection(SolutionConfigurationPlatforms) = preSolution
		Debug|Any CPU = Debug|Any CPU
		Release|Any CPU = Release|Any CPU
	EndGlobalSection
	GlobalSection(ProjectConfigurationPlatforms) = postSolution
		{258BB1BB-F5A0-4119-BB07-4C8577EE3962}.Debug|Any CPU.ActiveCfg = Debug|Any CPU
		{258BB1BB-F5A0-4119-BB07-4C8577EE3962}.Debug|Any CPU.Build.0 = Debug|Any CPU
		{258BB1BB-F5A0-4119-BB07-4C8577EE3962}.Release|Any CPU.ActiveCfg = Release|Any CPU
		{258BB1BB-F5A0-4119-BB07-4C8577EE3962}.Release|Any CPU.Build.0 = Release|Any CPU
		{09F7AF3C-686C-4422-AB10-674994154516}.Debug|Any CPU.ActiveCfg = Debug|Any CPU
		{09F7AF3C-686C-4422-AB10-674994154516}.Debug|Any CPU.Build.0 = Debug|Any CPU
		{09F7AF3C-686C-4422-AB10-674994154516}.Release|Any CPU.ActiveCfg = Release|Any CPU
		{09F7AF3C-686C-4422-AB10-674994154516}.Release|Any CPU.Build.0 = Release|Any CPU
	EndGlobalSection
	GlobalSection(SolutionProperties) = preSolution
		HideSolutionNode = FALSE
	EndGlobalSection
	GlobalSection(ExtensibilityGlobals) = postSolution
		SolutionGuid = {5F3FC52F-380D-4BA7-8940-C733FD97F256}
	EndGlobalSection
EndGlobal
